
Microsoft Visual Studio Solution File, Format Version 12.00
# Visual Studio Version 17
VisualStudioVersion = 17.14.37027.9
MinimumVisualStudioVersion = 10.0.40219.1
Project("{2150E333-8FDC-42A3-9474-1A3956D46DE8}") = "MasterFinder.Domain", "MasterFinder.Domain", "{36D591C7-65C7-A0D1-1CBC-10CDE441BDC8}"
EndProject
Project("{2150E333-8FDC-42A3-9474-1A3956D46DE8}") = "MasterFinder.Infrastructure", "MasterFinder.Infrastructure", "{A08D2462-526F-4BC0-8436-74AA1CF1D5A0}"
EndProject
Project("{FAE04EC0-301F-11D3-BF4B-00C04F79EFBC}") = "MasterFinder.Domain.ValueObject", "MasterFinder.Domain\MasterFinder.Domain.ValueObject\MasterFinder.Domain.ValueObject.csproj", "{DD5E19FA-F643-47E3-8D75-82631A41D28B}"
EndProject
Project("{FAE04EC0-301F-11D3-BF4B-00C04F79EFBC}") = "MasterFinder.Domain", "MasterFinder.Domain\MasterFinder.Domain\MasterFinder.Domain.csproj", "{AC76F292-5D26-40C6-943E-7955BBC96E11}"
EndProject
Project("{FAE04EC0-301F-11D3-BF4B-00C04F79EFBC}") = "MasterFinder.ConsoleTests", "MasterFinder.ConsoleTests\MasterFinder.ConsoleTests.csproj", "{B767BF51-866E-4926-AB4D-CB86964EEBAF}"
EndProject
Project("{FAE04EC0-301F-11D3-BF4B-00C04F79EFBC}") = "MasterFinder.Infrastructure", "MasterFinder.Infrastructure\MasterFinder.Infrastructure.csproj", "{041B21E0-4B4A-49EB-9A82-8AFA0CF24C17}"
EndProject
Global
	GlobalSection(SolutionConfigurationPlatforms) = preSolution
		Debug|Any CPU = Debug|Any CPU
		Release|Any CPU = Release|Any CPU
	EndGlobalSection
	GlobalSection(ProjectConfigurationPlatforms) = postSolution
		{DD5E19FA-F643-47E3-8D75-82631A41D28B}.Debug|Any CPU.ActiveCfg = Debug|Any CPU
		{DD5E19FA-F643-47E3-8D75-82631A41D28B}.Debug|Any CPU.Build.0 = Debug|Any CPU
		{DD5E19FA-F643-47E3-8D75-82631A41D28B}.Release|Any CPU.ActiveCfg = Release|Any CPU
		{DD5E19FA-F643-47E3-8D75-82631A41D28B}.Release|Any CPU.Build.0 = Release|Any CPU
		{AC76F292-5D26-40C6-943E-7955BBC96E11}.Debug|Any CPU.ActiveCfg = Debug|Any CPU
		{AC76F292-5D26-40C6-943E-7955BBC96E11}.Debug|Any CPU.Build.0 = Debug|Any CPU
		{AC76F292-5D26-40C6-943E-7955BBC96E11}.Release|Any CPU.ActiveCfg = Release|Any CPU
		{AC76F292-5D26-40C6-943E-7955BBC96E11}.Release|Any CPU.Build.0 = Release|Any CPU
		{B767BF51-866E-4926-AB4D-CB86964EEBAF}.Debug|Any CPU.ActiveCfg = Debug|Any CPU
		{B767BF51-866E-4926-AB4D-CB86964EEBAF}.Debug|Any CPU.Build.0 = Debug|Any CPU
		{B767BF51-866E-4926-AB4D-CB86964EEBAF}.Release|Any CPU.ActiveCfg = Release|Any CPU
		{B767BF51-866E-4926-AB4D-CB86964EEBAF}.Release|Any CPU.Build.0 = Release|Any CPU
		{041B21E0-4B4A-49EB-9A82-8AFA0CF24C17}.Debug|Any CPU.ActiveCfg = Debug|Any CPU
		{041B21E0-4B4A-49EB-9A82-8AFA0CF24C17}.Debug|Any CPU.Build.0 = Debug|Any CPU
		{041B21E0-4B4A-49EB-9A82-8AFA0CF24C17}.Release|Any CPU.ActiveCfg = Release|Any CPU
		{041B21E0-4B4A-49EB-9A82-8AFA0CF24C17}.Release|Any CPU.Build.0 = Release|Any CPU
	EndGlobalSection
	GlobalSection(SolutionProperties) = preSolution
		HideSolutionNode = FALSE
	EndGlobalSection
	GlobalSection(NestedProjects) = preSolution
		{DD5E19FA-F643-47E3-8D75-82631A41D28B} = {36D591C7-65C7-A0D1-1CBC-10CDE441BDC8}
		{AC76F292-5D26-40C6-943E-7955BBC96E11} = {36D591C7-65C7-A0D1-1CBC-10CDE441BDC8}
		{041B21E0-4B4A-49EB-9A82-8AFA0CF24C17} = {A08D2462-526F-4BC0-8436-74AA1CF1D5A0}
	EndGlobalSection
	GlobalSection(ExtensibilityGlobals) = postSolution
		SolutionGuid = {77D130FF-7A67-480E-8107-86C1C6EC495C}
	EndGlobalSection
EndGlobal
